
Microsoft Visual Studio Solution File, Format Version 12.00
# Visual Studio Version 16
VisualStudioVersion = 16.0.28917.181
MinimumVisualStudioVersion = 10.0.40219.1
Project("{FAE04EC0-301F-11D3-BF4B-00C04F79EFBC}") = "GraphTutorial.UWP", "GraphTutorial\GraphTutorial.UWP\GraphTutorial.UWP.csproj", "{340A64FA-2367-47CF-B7FF-781434F8133C}"
EndProject
Project("{FAE04EC0-301F-11D3-BF4B-00C04F79EFBC}") = "GraphTutorial.Android", "GraphTutorial\GraphTutorial.Android\GraphTutorial.Android.csproj", "{667EB2DE-5541-4D9F-B4FE-E2FA608291FA}"
EndProject
Project("{FAE04EC0-301F-11D3-BF4B-00C04F79EFBC}") = "GraphTutorial.iOS", "GraphTutorial\GraphTutorial.iOS\GraphTutorial.iOS.csproj", "{F8878E73-D427-400A-8A68-9F9383B2C4C9}"
EndProject
Project("{FAE04EC0-301F-11D3-BF4B-00C04F79EFBC}") = "GraphTutorial", "GraphTutorial\GraphTutorial\GraphTutorial.csproj", "{64FAB337-9222-4540-B4A6-F4E83DED8FD8}"
EndProject
Global
	GlobalSection(SolutionConfigurationPlatforms) = preSolution
		Debug|Any CPU = Debug|Any CPU
		Debug|ARM = Debug|ARM
		Debug|iPhone = Debug|iPhone
		Debug|iPhoneSimulator = Debug|iPhoneSimulator
		Debug|x64 = Debug|x64
		Debug|x86 = Debug|x86
		Release|Any CPU = Release|Any CPU
		Release|ARM = Release|ARM
		Release|iPhone = Release|iPhone
		Release|iPhoneSimulator = Release|iPhoneSimulator
		Release|x64 = Release|x64
		Release|x86 = Release|x86
	EndGlobalSection
	GlobalSection(ProjectConfigurationPlatforms) = postSolution
		{340A64FA-2367-47CF-B7FF-781434F8133C}.Debug|Any CPU.ActiveCfg = Debug|x86
		{340A64FA-2367-47CF-B7FF-781434F8133C}.Debug|Any CPU.Build.0 = Debug|x86
		{340A64FA-2367-47CF-B7FF-781434F8133C}.Debug|Any CPU.Deploy.0 = Debug|x86
		{340A64FA-2367-47CF-B7FF-781434F8133C}.Debug|ARM.ActiveCfg = Debug|ARM
		{340A64FA-2367-47CF-B7FF-781434F8133C}.Debug|ARM.Build.0 = Debug|ARM
		{340A64FA-2367-47CF-B7FF-781434F8133C}.Debug|ARM.Deploy.0 = Debug|ARM
		{340A64FA-2367-47CF-B7FF-781434F8133C}.Debug|iPhone.ActiveCfg = Debug|x86
		{340A64FA-2367-47CF-B7FF-781434F8133C}.Debug|iPhone.Build.0 = Debug|x86
		{340A64FA-2367-47CF-B7FF-781434F8133C}.Debug|iPhone.Deploy.0 = Debug|x86
		{340A64FA-2367-47CF-B7FF-781434F8133C}.Debug|iPhoneSimulator.ActiveCfg = Debug|x86
		{340A64FA-2367-47CF-B7FF-781434F8133C}.Debug|iPhoneSimulator.Build.0 = Debug|x86
		{340A64FA-2367-47CF-B7FF-781434F8133C}.Debug|iPhoneSimulator.Deploy.0 = Debug|x86
		{340A64FA-2367-47CF-B7FF-781434F8133C}.Debug|x64.ActiveCfg = Debug|x64
		{340A64FA-2367-47CF-B7FF-781434F8133C}.Debug|x64.Build.0 = Debug|x64
		{340A64FA-2367-47CF-B7FF-781434F8133C}.Debug|x64.Deploy.0 = Debug|x64
		{340A64FA-2367-47CF-B7FF-781434F8133C}.Debug|x86.ActiveCfg = Debug|x86
		{340A64FA-2367-47CF-B7FF-781434F8133C}.Debug|x86.Build.0 = Debug|x86
		{340A64FA-2367-47CF-B7FF-781434F8133C}.Debug|x86.Deploy.0 = Debug|x86
		{340A64FA-2367-47CF-B7FF-781434F8133C}.Release|Any CPU.ActiveCfg = Release|x86
		{340A64FA-2367-47CF-B7FF-781434F8133C}.Release|Any CPU.Build.0 = Release|x86
		{340A64FA-2367-47CF-B7FF-781434F8133C}.Release|Any CPU.Deploy.0 = Release|x86
		{340A64FA-2367-47CF-B7FF-781434F8133C}.Release|ARM.ActiveCfg = Release|ARM
		{340A64FA-2367-47CF-B7FF-781434F8133C}.Release|ARM.Build.0 = Release|ARM
		{340A64FA-2367-47CF-B7FF-781434F8133C}.Release|ARM.Deploy.0 = Release|ARM
		{340A64FA-2367-47CF-B7FF-781434F8133C}.Release|iPhone.ActiveCfg = Release|x86
		{340A64FA-2367-47CF-B7FF-781434F8133C}.Release|iPhone.Build.0 = Release|x86
		{340A64FA-2367-47CF-B7FF-781434F8133C}.Release|iPhone.Deploy.0 = Release|x86
		{340A64FA-2367-47CF-B7FF-781434F8133C}.Release|iPhoneSimulator.ActiveCfg = Release|x86
		{340A64FA-2367-47CF-B7FF-781434F8133C}.Release|iPhoneSimulator.Build.0 = Release|x86
		{340A64FA-2367-47CF-B7FF-781434F8133C}.Release|iPhoneSimulator.Deploy.0 = Release|x86
		{340A64FA-2367-47CF-B7FF-781434F8133C}.Release|x64.ActiveCfg = Release|x64
		{340A64FA-2367-47CF-B7FF-781434F8133C}.Release|x64.Build.0 = Release|x64
		{340A64FA-2367-47CF-B7FF-781434F8133C}.Release|x64.Deploy.0 = Release|x64
		{340A64FA-2367-47CF-B7FF-781434F8133C}.Release|x86.ActiveCfg = Release|x86
		{340A64FA-2367-47CF-B7FF-781434F8133C}.Release|x86.Build.0 = Release|x86
		{340A64FA-2367-47CF-B7FF-781434F8133C}.Release|x86.Deploy.0 = Release|x86
		{667EB2DE-5541-4D9F-B4FE-E2FA608291FA}.Debug|Any CPU.ActiveCfg = Debug|Any CPU
		{667EB2DE-5541-4D9F-B4FE-E2FA608291FA}.Debug|Any CPU.Build.0 = Debug|Any CPU
		{667EB2DE-5541-4D9F-B4FE-E2FA608291FA}.Debug|Any CPU.Deploy.0 = Debug|Any CPU
		{667EB2DE-5541-4D9F-B4FE-E2FA608291FA}.Debug|ARM.ActiveCfg = Debug|Any CPU
		{667EB2DE-5541-4D9F-B4FE-E2FA608291FA}.Debug|ARM.Build.0 = Debug|Any CPU
		{667EB2DE-5541-4D9F-B4FE-E2FA608291FA}.Debug|ARM.Deploy.0 = Debug|Any CPU
		{667EB2DE-5541-4D9F-B4FE-E2FA608291FA}.Debug|iPhone.ActiveCfg = Debug|Any CPU
		{667EB2DE-5541-4D9F-B4FE-E2FA608291FA}.Debug|iPhone.Build.0 = Debug|Any CPU
		{667EB2DE-5541-4D9F-B4FE-E2FA608291FA}.Debug|iPhone.Deploy.0 = Debug|Any CPU
		{667EB2DE-5541-4D9F-B4FE-E2FA608291FA}.Debug|iPhoneSimulator.ActiveCfg = Debug|Any CPU
		{667EB2DE-5541-4D9F-B4FE-E2FA608291FA}.Debug|iPhoneSimulator.Build.0 = Debug|Any CPU
		{667EB2DE-5541-4D9F-B4FE-E2FA608291FA}.Debug|iPhoneSimulator.Deploy.0 = Debug|Any CPU
		{667EB2DE-5541-4D9F-B4FE-E2FA608291FA}.Debug|x64.ActiveCfg = Debug|Any CPU
		{667EB2DE-5541-4D9F-B4FE-E2FA608291FA}.Debug|x64.Build.0 = Debug|Any CPU
		{667EB2DE-5541-4D9F-B4FE-E2FA608291FA}.Debug|x64.Deploy.0 = Debug|Any CPU
		{667EB2DE-5541-4D9F-B4FE-E2FA608291FA}.Debug|x86.ActiveCfg = Debug|Any CPU
		{667EB2DE-5541-4D9F-B4FE-E2FA608291FA}.Debug|x86.Build.0 = Debug|Any CPU
		{667EB2DE-5541-4D9F-B4FE-E2FA608291FA}.Debug|x86.Deploy.0 = Debug|Any CPU
		{667EB2DE-5541-4D9F-B4FE-E2FA608291FA}.Release|Any CPU.ActiveCfg = Release|Any CPU
		{667EB2DE-5541-4D9F-B4FE-E2FA608291FA}.Release|Any CPU.Build.0 = Release|Any CPU
		{667EB2DE-5541-4D9F-B4FE-E2FA608291FA}.Release|Any CPU.Deploy.0 = Release|Any CPU
		{667EB2DE-5541-4D9F-B4FE-E2FA608291FA}.Release|ARM.ActiveCfg = Release|Any CPU
		{667EB2DE-5541-4D9F-B4FE-E2FA608291FA}.Release|ARM.Build.0 = Release|Any CPU
		{667EB2DE-5541-4D9F-B4FE-E2FA608291FA}.Release|ARM.Deploy.0 = Release|Any CPU
		{667EB2DE-5541-4D9F-B4FE-E2FA608291FA}.Release|iPhone.ActiveCfg = Release|Any CPU
		{667EB2DE-5541-4D9F-B4FE-E2FA608291FA}.Release|iPhone.Build.0 = Release|Any CPU
		{667EB2DE-5541-4D9F-B4FE-E2FA608291FA}.Release|iPhone.Deploy.0 = Release|Any CPU
		{667EB2DE-5541-4D9F-B4FE-E2FA608291FA}.Release|iPhoneSimulator.ActiveCfg = Release|Any CPU
		{667EB2DE-5541-4D9F-B4FE-E2FA608291FA}.Release|iPhoneSimulator.Build.0 = Release|Any CPU
		{667EB2DE-5541-4D9F-B4FE-E2FA608291FA}.Release|iPhoneSimulator.Deploy.0 = Release|Any CPU
		{667EB2DE-5541-4D9F-B4FE-E2FA608291FA}.Release|x64.ActiveCfg = Release|Any CPU
		{667EB2DE-5541-4D9F-B4FE-E2FA608291FA}.Release|x64.Build.0 = Release|Any CPU
		{667EB2DE-5541-4D9F-B4FE-E2FA608291FA}.Release|x64.Deploy.0 = Release|Any CPU
		{667EB2DE-5541-4D9F-B4FE-E2FA608291FA}.Release|x86.ActiveCfg = Release|Any CPU
		{667EB2DE-5541-4D9F-B4FE-E2FA608291FA}.Release|x86.Build.0 = Release|Any CPU
		{667EB2DE-5541-4D9F-B4FE-E2FA608291FA}.Release|x86.Deploy.0 = Release|Any CPU
		{F8878E73-D427-400A-8A68-9F9383B2C4C9}.Debug|Any CPU.ActiveCfg = Debug|iPhone
		{F8878E73-D427-400A-8A68-9F9383B2C4C9}.Debug|Any CPU.Build.0 = Debug|iPhone
		{F8878E73-D427-400A-8A68-9F9383B2C4C9}.Debug|Any CPU.Deploy.0 = Debug|iPhone
		{F8878E73-D427-400A-8A68-9F9383B2C4C9}.Debug|ARM.ActiveCfg = Debug|iPhoneSimulator
		{F8878E73-D427-400A-8A68-9F9383B2C4C9}.Debug|ARM.Build.0 = Debug|iPhoneSimulator
		{F8878E73-D427-400A-8A68-9F9383B2C4C9}.Debug|ARM.Deploy.0 = Debug|iPhoneSimulator
		{F8878E73-D427-400A-8A68-9F9383B2C4C9}.Debug|iPhone.ActiveCfg = Debug|iPhone
		{F8878E73-D427-400A-8A68-9F9383B2C4C9}.Debug|iPhone.Build.0 = Debug|iPhone
		{F8878E73-D427-400A-8A68-9F9383B2C4C9}.Debug|iPhone.Deploy.0 = Debug|iPhone
		{F8878E73-D427-400A-8A68-9F9383B2C4C9}.Debug|iPhoneSimulator.ActiveCfg = Debug|iPhoneSimulator
		{F8878E73-D427-400A-8A68-9F9383B2C4C9}.Debug|iPhoneSimulator.Build.0 = Debug|iPhoneSimulator
		{F8878E73-D427-400A-8A68-9F9383B2C4C9}.Debug|iPhoneSimulator.Deploy.0 = Debug|iPhoneSimulator
		{F8878E73-D427-400A-8A68-9F9383B2C4C9}.Debug|x64.ActiveCfg = Debug|iPhone
		{F8878E73-D427-400A-8A68-9F9383B2C4C9}.Debug|x64.Build.0 = Debug|iPhone
		{F8878E73-D427-400A-8A68-9F9383B2C4C9}.Debug|x64.Deploy.0 = Debug|iPhone
		{F8878E73-D427-400A-8A68-9F9383B2C4C9}.Debug|x86.ActiveCfg = Debug|iPhone
		{F8878E73-D427-400A-8A68-9F9383B2C4C9}.Debug|x86.Build.0 = Debug|iPhone
		{F8878E73-D427-400A-8A68-9F9383B2C4C9}.Debug|x86.Deploy.0 = Debug|iPhone
		{F8878E73-D427-400A-8A68-9F9383B2C4C9}.Release|Any CPU.ActiveCfg = Release|iPhone
		{F8878E73-D427-400A-8A68-9F9383B2C4C9}.Release|Any CPU.Build.0 = Release|iPhone
		{F8878E73-D427-400A-8A68-9F9383B2C4C9}.Release|Any CPU.Deploy.0 = Release|iPhone
		{F8878E73-D427-400A-8A68-9F9383B2C4C9}.Release|ARM.ActiveCfg = Release|iPhone
		{F8878E73-D427-400A-8A68-9F9383B2C4C9}.Release|ARM.Build.0 = Release|iPhone
		{F8878E73-D427-400A-8A68-9F9383B2C4C9}.Release|ARM.Deploy.0 = Release|iPhone
		{F8878E73-D427-400A-8A68-9F9383B2C4C9}.Release|iPhone.ActiveCfg = Release|iPhone
		{F8878E73-D427-400A-8A68-9F9383B2C4C9}.Release|iPhone.Build.0 = Release|iPhone
		{F8878E73-D427-400A-8A68-9F9383B2C4C9}.Release|iPhone.Deploy.0 = Release|iPhone
		{F8878E73-D427-400A-8A68-9F9383B2C4C9}.Release|iPhoneSimulator.ActiveCfg = Release|iPhoneSimulator
		{F8878E73-D427-400A-8A68-9F9383B2C4C9}.Release|iPhoneSimulator.Build.0 = Release|iPhoneSimulator
		{F8878E73-D427-400A-8A68-9F9383B2C4C9}.Release|iPhoneSimulator.Deploy.0 = Release|iPhoneSimulator
		{F8878E73-D427-400A-8A68-9F9383B2C4C9}.Release|x64.ActiveCfg = Release|iPhone
		{F8878E73-D427-400A-8A68-9F9383B2C4C9}.Release|x64.Build.0 = Release|iPhone
		{F8878E73-D427-400A-8A68-9F9383B2C4C9}.Release|x64.Deploy.0 = Release|iPhone
		{F8878E73-D427-400A-8A68-9F9383B2C4C9}.Release|x86.ActiveCfg = Release|iPhone
		{F8878E73-D427-400A-8A68-9F9383B2C4C9}.Release|x86.Build.0 = Release|iPhone
		{F8878E73-D427-400A-8A68-9F9383B2C4C9}.Release|x86.Deploy.0 = Release|iPhone
		{64FAB337-9222-4540-B4A6-F4E83DED8FD8}.Debug|Any CPU.ActiveCfg = Debug|Any CPU
		{64FAB337-9222-4540-B4A6-F4E83DED8FD8}.Debug|Any CPU.Build.0 = Debug|Any CPU
		{64FAB337-9222-4540-B4A6-F4E83DED8FD8}.Debug|Any CPU.Deploy.0 = Debug|Any CPU
		{64FAB337-9222-4540-B4A6-F4E83DED8FD8}.Debug|ARM.ActiveCfg = Debug|Any CPU
		{64FAB337-9222-4540-B4A6-F4E83DED8FD8}.Debug|ARM.Build.0 = Debug|Any CPU
		{64FAB337-9222-4540-B4A6-F4E83DED8FD8}.Debug|ARM.Deploy.0 = Debug|Any CPU
		{64FAB337-9222-4540-B4A6-F4E83DED8FD8}.Debug|iPhone.ActiveCfg = Debug|Any CPU
		{64FAB337-9222-4540-B4A6-F4E83DED8FD8}.Debug|iPhone.Build.0 = Debug|Any CPU
		{64FAB337-9222-4540-B4A6-F4E83DED8FD8}.Debug|iPhone.Deploy.0 = Debug|Any CPU
		{64FAB337-9222-4540-B4A6-F4E83DED8FD8}.Debug|iPhoneSimulator.ActiveCfg = Debug|Any CPU
		{64FAB337-9222-4540-B4A6-F4E83DED8FD8}.Debug|iPhoneSimulator.Build.0 = Debug|Any CPU
		{64FAB337-9222-4540-B4A6-F4E83DED8FD8}.Debug|iPhoneSimulator.Deploy.0 = Debug|Any CPU
		{64FAB337-9222-4540-B4A6-F4E83DED8FD8}.Debug|x64.ActiveCfg = Debug|Any CPU
		{64FAB337-9222-4540-B4A6-F4E83DED8FD8}.Debug|x64.Build.0 = Debug|Any CPU
		{64FAB337-9222-4540-B4A6-F4E83DED8FD8}.Debug|x64.Deploy.0 = Debug|Any CPU
		{64FAB337-9222-4540-B4A6-F4E83DED8FD8}.Debug|x86.ActiveCfg = Debug|Any CPU
		{64FAB337-9222-4540-B4A6-F4E83DED8FD8}.Debug|x86.Build.0 = Debug|Any CPU
		{64FAB337-9222-4540-B4A6-F4E83DED8FD8}.Debug|x86.Deploy.0 = Debug|Any CPU
		{64FAB337-9222-4540-B4A6-F4E83DED8FD8}.Release|Any CPU.ActiveCfg = Release|Any CPU
		{64FAB337-9222-4540-B4A6-F4E83DED8FD8}.Release|Any CPU.Build.0 = Release|Any CPU
		{64FAB337-9222-4540-B4A6-F4E83DED8FD8}.Release|Any CPU.Deploy.0 = Release|Any CPU
		{64FAB337-9222-4540-B4A6-F4E83DED8FD8}.Release|ARM.ActiveCfg = Release|Any CPU
		{64FAB337-9222-4540-B4A6-F4E83DED8FD8}.Release|ARM.Build.0 = Release|Any CPU
		{64FAB337-9222-4540-B4A6-F4E83DED8FD8}.Release|ARM.Deploy.0 = Release|Any CPU
		{64FAB337-9222-4540-B4A6-F4E83DED8FD8}.Release|iPhone.ActiveCfg = Release|Any CPU
		{64FAB337-9222-4540-B4A6-F4E83DED8FD8}.Release|iPhone.Build.0 = Release|Any CPU
		{64FAB337-9222-4540-B4A6-F4E83DED8FD8}.Release|iPhone.Deploy.0 = Release|Any CPU
		{64FAB337-9222-4540-B4A6-F4E83DED8FD8}.Release|iPhoneSimulator.ActiveCfg = Release|Any CPU
		{64FAB337-9222-4540-B4A6-F4E83DED8FD8}.Release|iPhoneSimulator.Build.0 = Release|Any CPU
		{64FAB337-9222-4540-B4A6-F4E83DED8FD8}.Release|iPhoneSimulator.Deploy.0 = Release|Any CPU
		{64FAB337-9222-4540-B4A6-F4E83DED8FD8}.Release|x64.ActiveCfg = Release|Any CPU
		{64FAB337-9222-4540-B4A6-F4E83DED8FD8}.Release|x64.Build.0 = Release|Any CPU
		{64FAB337-9222-4540-B4A6-F4E83DED8FD8}.Release|x64.Deploy.0 = Release|Any CPU
		{64FAB337-9222-4540-B4A6-F4E83DED8FD8}.Release|x86.ActiveCfg = Release|Any CPU
		{64FAB337-9222-4540-B4A6-F4E83DED8FD8}.Release|x86.Build.0 = Release|Any CPU
		{64FAB337-9222-4540-B4A6-F4E83DED8FD8}.Release|x86.Deploy.0 = Release|Any CPU
	EndGlobalSection
	GlobalSection(SolutionProperties) = preSolution
		HideSolutionNode = FALSE
	EndGlobalSection
	GlobalSection(ExtensibilityGlobals) = postSolution
		SolutionGuid = {BED1CCA8-2E84-4CF4-B2FF-8FCAEE0F1967}
	EndGlobalSection
EndGlobal
