
Microsoft Visual Studio Solution File, Format Version 12.00
# Visual Studio 15
VisualStudioVersion = 15.0.28307.329
MinimumVisualStudioVersion = 10.0.40219.1
Project("{FAE04EC0-301F-11D3-BF4B-00C04F79EFBC}") = "GraphTutorial.Android", "GraphTutorial\GraphTutorial.Android\GraphTutorial.Android.csproj", "{10BB97C9-F9DF-4A9D-AA6C-32C5C0E780F3}"
EndProject
Project("{FAE04EC0-301F-11D3-BF4B-00C04F79EFBC}") = "GraphTutorial.iOS", "GraphTutorial\GraphTutorial.iOS\GraphTutorial.iOS.csproj", "{81C5D34F-23A8-4AA8-BB95-03E4C4FC4E44}"
EndProject
Project("{FAE04EC0-301F-11D3-BF4B-00C04F79EFBC}") = "GraphTutorial.UWP", "GraphTutorial\GraphTutorial.UWP\GraphTutorial.UWP.csproj", "{6A55B4C9-8AC7-4F97-B147-B7684B23969A}"
EndProject
Project("{FAE04EC0-301F-11D3-BF4B-00C04F79EFBC}") = "GraphTutorial", "GraphTutorial\GraphTutorial\GraphTutorial.csproj", "{0F025E1D-CB77-4BDE-A7C6-D210D9AC9230}"
EndProject
Global
	GlobalSection(SolutionConfigurationPlatforms) = preSolution
		Ad-Hoc|Any CPU = Ad-Hoc|Any CPU
		Ad-Hoc|ARM = Ad-Hoc|ARM
		Ad-Hoc|iPhone = Ad-Hoc|iPhone
		Ad-Hoc|iPhoneSimulator = Ad-Hoc|iPhoneSimulator
		Ad-Hoc|x64 = Ad-Hoc|x64
		Ad-Hoc|x86 = Ad-Hoc|x86
		AppStore|Any CPU = AppStore|Any CPU
		AppStore|ARM = AppStore|ARM
		AppStore|iPhone = AppStore|iPhone
		AppStore|iPhoneSimulator = AppStore|iPhoneSimulator
		AppStore|x64 = AppStore|x64
		AppStore|x86 = AppStore|x86
		Debug|Any CPU = Debug|Any CPU
		Debug|ARM = Debug|ARM
		Debug|iPhone = Debug|iPhone
		Debug|iPhoneSimulator = Debug|iPhoneSimulator
		Debug|x64 = Debug|x64
		Debug|x86 = Debug|x86
		Release|Any CPU = Release|Any CPU
		Release|ARM = Release|ARM
		Release|iPhone = Release|iPhone
		Release|iPhoneSimulator = Release|iPhoneSimulator
		Release|x64 = Release|x64
		Release|x86 = Release|x86
	EndGlobalSection
	GlobalSection(ProjectConfigurationPlatforms) = postSolution
		{10BB97C9-F9DF-4A9D-AA6C-32C5C0E780F3}.Ad-Hoc|Any CPU.ActiveCfg = Release|Any CPU
		{10BB97C9-F9DF-4A9D-AA6C-32C5C0E780F3}.Ad-Hoc|Any CPU.Build.0 = Release|Any CPU
		{10BB97C9-F9DF-4A9D-AA6C-32C5C0E780F3}.Ad-Hoc|Any CPU.Deploy.0 = Release|Any CPU
		{10BB97C9-F9DF-4A9D-AA6C-32C5C0E780F3}.Ad-Hoc|ARM.ActiveCfg = Release|Any CPU
		{10BB97C9-F9DF-4A9D-AA6C-32C5C0E780F3}.Ad-Hoc|ARM.Build.0 = Release|Any CPU
		{10BB97C9-F9DF-4A9D-AA6C-32C5C0E780F3}.Ad-Hoc|ARM.Deploy.0 = Release|Any CPU
		{10BB97C9-F9DF-4A9D-AA6C-32C5C0E780F3}.Ad-Hoc|iPhone.ActiveCfg = Release|Any CPU
		{10BB97C9-F9DF-4A9D-AA6C-32C5C0E780F3}.Ad-Hoc|iPhone.Build.0 = Release|Any CPU
		{10BB97C9-F9DF-4A9D-AA6C-32C5C0E780F3}.Ad-Hoc|iPhone.Deploy.0 = Release|Any CPU
		{10BB97C9-F9DF-4A9D-AA6C-32C5C0E780F3}.Ad-Hoc|iPhoneSimulator.ActiveCfg = Release|Any CPU
		{10BB97C9-F9DF-4A9D-AA6C-32C5C0E780F3}.Ad-Hoc|iPhoneSimulator.Build.0 = Release|Any CPU
		{10BB97C9-F9DF-4A9D-AA6C-32C5C0E780F3}.Ad-Hoc|iPhoneSimulator.Deploy.0 = Release|Any CPU
		{10BB97C9-F9DF-4A9D-AA6C-32C5C0E780F3}.Ad-Hoc|x64.ActiveCfg = Release|Any CPU
		{10BB97C9-F9DF-4A9D-AA6C-32C5C0E780F3}.Ad-Hoc|x64.Build.0 = Release|Any CPU
		{10BB97C9-F9DF-4A9D-AA6C-32C5C0E780F3}.Ad-Hoc|x64.Deploy.0 = Release|Any CPU
		{10BB97C9-F9DF-4A9D-AA6C-32C5C0E780F3}.Ad-Hoc|x86.ActiveCfg = Release|Any CPU
		{10BB97C9-F9DF-4A9D-AA6C-32C5C0E780F3}.Ad-Hoc|x86.Build.0 = Release|Any CPU
		{10BB97C9-F9DF-4A9D-AA6C-32C5C0E780F3}.Ad-Hoc|x86.Deploy.0 = Release|Any CPU
		{10BB97C9-F9DF-4A9D-AA6C-32C5C0E780F3}.AppStore|Any CPU.ActiveCfg = Release|Any CPU
		{10BB97C9-F9DF-4A9D-AA6C-32C5C0E780F3}.AppStore|Any CPU.Build.0 = Release|Any CPU
		{10BB97C9-F9DF-4A9D-AA6C-32C5C0E780F3}.AppStore|Any CPU.Deploy.0 = Release|Any CPU
		{10BB97C9-F9DF-4A9D-AA6C-32C5C0E780F3}.AppStore|ARM.ActiveCfg = Release|Any CPU
		{10BB97C9-F9DF-4A9D-AA6C-32C5C0E780F3}.AppStore|ARM.Build.0 = Release|Any CPU
		{10BB97C9-F9DF-4A9D-AA6C-32C5C0E780F3}.AppStore|ARM.Deploy.0 = Release|Any CPU
		{10BB97C9-F9DF-4A9D-AA6C-32C5C0E780F3}.AppStore|iPhone.ActiveCfg = Release|Any CPU
		{10BB97C9-F9DF-4A9D-AA6C-32C5C0E780F3}.AppStore|iPhone.Build.0 = Release|Any CPU
		{10BB97C9-F9DF-4A9D-AA6C-32C5C0E780F3}.AppStore|iPhone.Deploy.0 = Release|Any CPU
		{10BB97C9-F9DF-4A9D-AA6C-32C5C0E780F3}.AppStore|iPhoneSimulator.ActiveCfg = Release|Any CPU
		{10BB97C9-F9DF-4A9D-AA6C-32C5C0E780F3}.AppStore|iPhoneSimulator.Build.0 = Release|Any CPU
		{10BB97C9-F9DF-4A9D-AA6C-32C5C0E780F3}.AppStore|iPhoneSimulator.Deploy.0 = Release|Any CPU
		{10BB97C9-F9DF-4A9D-AA6C-32C5C0E780F3}.AppStore|x64.ActiveCfg = Release|Any CPU
		{10BB97C9-F9DF-4A9D-AA6C-32C5C0E780F3}.AppStore|x64.Build.0 = Release|Any CPU
		{10BB97C9-F9DF-4A9D-AA6C-32C5C0E780F3}.AppStore|x64.Deploy.0 = Release|Any CPU
		{10BB97C9-F9DF-4A9D-AA6C-32C5C0E780F3}.AppStore|x86.ActiveCfg = Release|Any CPU
		{10BB97C9-F9DF-4A9D-AA6C-32C5C0E780F3}.AppStore|x86.Build.0 = Release|Any CPU
		{10BB97C9-F9DF-4A9D-AA6C-32C5C0E780F3}.AppStore|x86.Deploy.0 = Release|Any CPU
		{10BB97C9-F9DF-4A9D-AA6C-32C5C0E780F3}.Debug|Any CPU.ActiveCfg = Debug|Any CPU
		{10BB97C9-F9DF-4A9D-AA6C-32C5C0E780F3}.Debug|Any CPU.Build.0 = Debug|Any CPU
		{10BB97C9-F9DF-4A9D-AA6C-32C5C0E780F3}.Debug|Any CPU.Deploy.0 = Debug|Any CPU
		{10BB97C9-F9DF-4A9D-AA6C-32C5C0E780F3}.Debug|ARM.ActiveCfg = Debug|Any CPU
		{10BB97C9-F9DF-4A9D-AA6C-32C5C0E780F3}.Debug|ARM.Build.0 = Debug|Any CPU
		{10BB97C9-F9DF-4A9D-AA6C-32C5C0E780F3}.Debug|ARM.Deploy.0 = Debug|Any CPU
		{10BB97C9-F9DF-4A9D-AA6C-32C5C0E780F3}.Debug|iPhone.ActiveCfg = Debug|Any CPU
		{10BB97C9-F9DF-4A9D-AA6C-32C5C0E780F3}.Debug|iPhone.Build.0 = Debug|Any CPU
		{10BB97C9-F9DF-4A9D-AA6C-32C5C0E780F3}.Debug|iPhone.Deploy.0 = Debug|Any CPU
		{10BB97C9-F9DF-4A9D-AA6C-32C5C0E780F3}.Debug|iPhoneSimulator.ActiveCfg = Debug|Any CPU
		{10BB97C9-F9DF-4A9D-AA6C-32C5C0E780F3}.Debug|iPhoneSimulator.Build.0 = Debug|Any CPU
		{10BB97C9-F9DF-4A9D-AA6C-32C5C0E780F3}.Debug|iPhoneSimulator.Deploy.0 = Debug|Any CPU
		{10BB97C9-F9DF-4A9D-AA6C-32C5C0E780F3}.Debug|x64.ActiveCfg = Debug|Any CPU
		{10BB97C9-F9DF-4A9D-AA6C-32C5C0E780F3}.Debug|x64.Build.0 = Debug|Any CPU
		{10BB97C9-F9DF-4A9D-AA6C-32C5C0E780F3}.Debug|x64.Deploy.0 = Debug|Any CPU
		{10BB97C9-F9DF-4A9D-AA6C-32C5C0E780F3}.Debug|x86.ActiveCfg = Debug|Any CPU
		{10BB97C9-F9DF-4A9D-AA6C-32C5C0E780F3}.Debug|x86.Build.0 = Debug|Any CPU
		{10BB97C9-F9DF-4A9D-AA6C-32C5C0E780F3}.Debug|x86.Deploy.0 = Debug|Any CPU
		{10BB97C9-F9DF-4A9D-AA6C-32C5C0E780F3}.Release|Any CPU.ActiveCfg = Release|Any CPU
		{10BB97C9-F9DF-4A9D-AA6C-32C5C0E780F3}.Release|Any CPU.Build.0 = Release|Any CPU
		{10BB97C9-F9DF-4A9D-AA6C-32C5C0E780F3}.Release|Any CPU.Deploy.0 = Release|Any CPU
		{10BB97C9-F9DF-4A9D-AA6C-32C5C0E780F3}.Release|ARM.ActiveCfg = Release|Any CPU
		{10BB97C9-F9DF-4A9D-AA6C-32C5C0E780F3}.Release|ARM.Build.0 = Release|Any CPU
		{10BB97C9-F9DF-4A9D-AA6C-32C5C0E780F3}.Release|ARM.Deploy.0 = Release|Any CPU
		{10BB97C9-F9DF-4A9D-AA6C-32C5C0E780F3}.Release|iPhone.ActiveCfg = Release|Any CPU
		{10BB97C9-F9DF-4A9D-AA6C-32C5C0E780F3}.Release|iPhone.Build.0 = Release|Any CPU
		{10BB97C9-F9DF-4A9D-AA6C-32C5C0E780F3}.Release|iPhone.Deploy.0 = Release|Any CPU
		{10BB97C9-F9DF-4A9D-AA6C-32C5C0E780F3}.Release|iPhoneSimulator.ActiveCfg = Release|Any CPU
		{10BB97C9-F9DF-4A9D-AA6C-32C5C0E780F3}.Release|iPhoneSimulator.Build.0 = Release|Any CPU
		{10BB97C9-F9DF-4A9D-AA6C-32C5C0E780F3}.Release|iPhoneSimulator.Deploy.0 = Release|Any CPU
		{10BB97C9-F9DF-4A9D-AA6C-32C5C0E780F3}.Release|x64.ActiveCfg = Release|Any CPU
		{10BB97C9-F9DF-4A9D-AA6C-32C5C0E780F3}.Release|x64.Build.0 = Release|Any CPU
		{10BB97C9-F9DF-4A9D-AA6C-32C5C0E780F3}.Release|x64.Deploy.0 = Release|Any CPU
		{10BB97C9-F9DF-4A9D-AA6C-32C5C0E780F3}.Release|x86.ActiveCfg = Release|Any CPU
		{10BB97C9-F9DF-4A9D-AA6C-32C5C0E780F3}.Release|x86.Build.0 = Release|Any CPU
		{10BB97C9-F9DF-4A9D-AA6C-32C5C0E780F3}.Release|x86.Deploy.0 = Release|Any CPU
		{81C5D34F-23A8-4AA8-BB95-03E4C4FC4E44}.Ad-Hoc|Any CPU.ActiveCfg = Ad-Hoc|iPhone
		{81C5D34F-23A8-4AA8-BB95-03E4C4FC4E44}.Ad-Hoc|Any CPU.Build.0 = Ad-Hoc|iPhone
		{81C5D34F-23A8-4AA8-BB95-03E4C4FC4E44}.Ad-Hoc|Any CPU.Deploy.0 = Ad-Hoc|iPhone
		{81C5D34F-23A8-4AA8-BB95-03E4C4FC4E44}.Ad-Hoc|ARM.ActiveCfg = Ad-Hoc|iPhone
		{81C5D34F-23A8-4AA8-BB95-03E4C4FC4E44}.Ad-Hoc|ARM.Build.0 = Ad-Hoc|iPhone
		{81C5D34F-23A8-4AA8-BB95-03E4C4FC4E44}.Ad-Hoc|ARM.Deploy.0 = Ad-Hoc|iPhone
		{81C5D34F-23A8-4AA8-BB95-03E4C4FC4E44}.Ad-Hoc|iPhone.ActiveCfg = Ad-Hoc|iPhone
		{81C5D34F-23A8-4AA8-BB95-03E4C4FC4E44}.Ad-Hoc|iPhone.Build.0 = Ad-Hoc|iPhone
		{81C5D34F-23A8-4AA8-BB95-03E4C4FC4E44}.Ad-Hoc|iPhone.Deploy.0 = Ad-Hoc|iPhone
		{81C5D34F-23A8-4AA8-BB95-03E4C4FC4E44}.Ad-Hoc|iPhoneSimulator.ActiveCfg = Ad-Hoc|iPhoneSimulator
		{81C5D34F-23A8-4AA8-BB95-03E4C4FC4E44}.Ad-Hoc|iPhoneSimulator.Build.0 = Ad-Hoc|iPhoneSimulator
		{81C5D34F-23A8-4AA8-BB95-03E4C4FC4E44}.Ad-Hoc|iPhoneSimulator.Deploy.0 = Ad-Hoc|iPhoneSimulator
		{81C5D34F-23A8-4AA8-BB95-03E4C4FC4E44}.Ad-Hoc|x64.ActiveCfg = Ad-Hoc|iPhone
		{81C5D34F-23A8-4AA8-BB95-03E4C4FC4E44}.Ad-Hoc|x64.Build.0 = Ad-Hoc|iPhone
		{81C5D34F-23A8-4AA8-BB95-03E4C4FC4E44}.Ad-Hoc|x64.Deploy.0 = Ad-Hoc|iPhone
		{81C5D34F-23A8-4AA8-BB95-03E4C4FC4E44}.Ad-Hoc|x86.ActiveCfg = Ad-Hoc|iPhone
		{81C5D34F-23A8-4AA8-BB95-03E4C4FC4E44}.Ad-Hoc|x86.Build.0 = Ad-Hoc|iPhone
		{81C5D34F-23A8-4AA8-BB95-03E4C4FC4E44}.Ad-Hoc|x86.Deploy.0 = Ad-Hoc|iPhone
		{81C5D34F-23A8-4AA8-BB95-03E4C4FC4E44}.AppStore|Any CPU.ActiveCfg = AppStore|iPhone
		{81C5D34F-23A8-4AA8-BB95-03E4C4FC4E44}.AppStore|Any CPU.Build.0 = AppStore|iPhone
		{81C5D34F-23A8-4AA8-BB95-03E4C4FC4E44}.AppStore|Any CPU.Deploy.0 = AppStore|iPhone
		{81C5D34F-23A8-4AA8-BB95-03E4C4FC4E44}.AppStore|ARM.ActiveCfg = AppStore|iPhone
		{81C5D34F-23A8-4AA8-BB95-03E4C4FC4E44}.AppStore|ARM.Build.0 = AppStore|iPhone
		{81C5D34F-23A8-4AA8-BB95-03E4C4FC4E44}.AppStore|ARM.Deploy.0 = AppStore|iPhone
		{81C5D34F-23A8-4AA8-BB95-03E4C4FC4E44}.AppStore|iPhone.ActiveCfg = AppStore|iPhone
		{81C5D34F-23A8-4AA8-BB95-03E4C4FC4E44}.AppStore|iPhone.Build.0 = AppStore|iPhone
		{81C5D34F-23A8-4AA8-BB95-03E4C4FC4E44}.AppStore|iPhone.Deploy.0 = AppStore|iPhone
		{81C5D34F-23A8-4AA8-BB95-03E4C4FC4E44}.AppStore|iPhoneSimulator.ActiveCfg = AppStore|iPhoneSimulator
		{81C5D34F-23A8-4AA8-BB95-03E4C4FC4E44}.AppStore|iPhoneSimulator.Build.0 = AppStore|iPhoneSimulator
		{81C5D34F-23A8-4AA8-BB95-03E4C4FC4E44}.AppStore|iPhoneSimulator.Deploy.0 = AppStore|iPhoneSimulator
		{81C5D34F-23A8-4AA8-BB95-03E4C4FC4E44}.AppStore|x64.ActiveCfg = AppStore|iPhone
		{81C5D34F-23A8-4AA8-BB95-03E4C4FC4E44}.AppStore|x64.Build.0 = AppStore|iPhone
		{81C5D34F-23A8-4AA8-BB95-03E4C4FC4E44}.AppStore|x64.Deploy.0 = AppStore|iPhone
		{81C5D34F-23A8-4AA8-BB95-03E4C4FC4E44}.AppStore|x86.ActiveCfg = AppStore|iPhone
		{81C5D34F-23A8-4AA8-BB95-03E4C4FC4E44}.AppStore|x86.Build.0 = AppStore|iPhone
		{81C5D34F-23A8-4AA8-BB95-03E4C4FC4E44}.AppStore|x86.Deploy.0 = AppStore|iPhone
		{81C5D34F-23A8-4AA8-BB95-03E4C4FC4E44}.Debug|Any CPU.ActiveCfg = Debug|iPhoneSimulator
		{81C5D34F-23A8-4AA8-BB95-03E4C4FC4E44}.Debug|Any CPU.Build.0 = Debug|iPhoneSimulator
		{81C5D34F-23A8-4AA8-BB95-03E4C4FC4E44}.Debug|Any CPU.Deploy.0 = Debug|iPhoneSimulator
		{81C5D34F-23A8-4AA8-BB95-03E4C4FC4E44}.Debug|ARM.ActiveCfg = Debug|iPhone
		{81C5D34F-23A8-4AA8-BB95-03E4C4FC4E44}.Debug|ARM.Build.0 = Debug|iPhone
		{81C5D34F-23A8-4AA8-BB95-03E4C4FC4E44}.Debug|ARM.Deploy.0 = Debug|iPhone
		{81C5D34F-23A8-4AA8-BB95-03E4C4FC4E44}.Debug|iPhone.ActiveCfg = Debug|iPhone
		{81C5D34F-23A8-4AA8-BB95-03E4C4FC4E44}.Debug|iPhone.Build.0 = Debug|iPhone
		{81C5D34F-23A8-4AA8-BB95-03E4C4FC4E44}.Debug|iPhone.Deploy.0 = Debug|iPhone
		{81C5D34F-23A8-4AA8-BB95-03E4C4FC4E44}.Debug|iPhoneSimulator.ActiveCfg = Debug|iPhoneSimulator
		{81C5D34F-23A8-4AA8-BB95-03E4C4FC4E44}.Debug|iPhoneSimulator.Build.0 = Debug|iPhoneSimulator
		{81C5D34F-23A8-4AA8-BB95-03E4C4FC4E44}.Debug|iPhoneSimulator.Deploy.0 = Debug|iPhoneSimulator
		{81C5D34F-23A8-4AA8-BB95-03E4C4FC4E44}.Debug|x64.ActiveCfg = Debug|iPhone
		{81C5D34F-23A8-4AA8-BB95-03E4C4FC4E44}.Debug|x64.Build.0 = Debug|iPhone
		{81C5D34F-23A8-4AA8-BB95-03E4C4FC4E44}.Debug|x64.Deploy.0 = Debug|iPhone
		{81C5D34F-23A8-4AA8-BB95-03E4C4FC4E44}.Debug|x86.ActiveCfg = Debug|iPhone
		{81C5D34F-23A8-4AA8-BB95-03E4C4FC4E44}.Debug|x86.Build.0 = Debug|iPhone
		{81C5D34F-23A8-4AA8-BB95-03E4C4FC4E44}.Debug|x86.Deploy.0 = Debug|iPhone
		{81C5D34F-23A8-4AA8-BB95-03E4C4FC4E44}.Release|Any CPU.ActiveCfg = Release|iPhone
		{81C5D34F-23A8-4AA8-BB95-03E4C4FC4E44}.Release|Any CPU.Build.0 = Release|iPhone
		{81C5D34F-23A8-4AA8-BB95-03E4C4FC4E44}.Release|Any CPU.Deploy.0 = Release|iPhone
		{81C5D34F-23A8-4AA8-BB95-03E4C4FC4E44}.Release|ARM.ActiveCfg = Release|iPhone
		{81C5D34F-23A8-4AA8-BB95-03E4C4FC4E44}.Release|ARM.Build.0 = Release|iPhone
		{81C5D34F-23A8-4AA8-BB95-03E4C4FC4E44}.Release|ARM.Deploy.0 = Release|iPhone
		{81C5D34F-23A8-4AA8-BB95-03E4C4FC4E44}.Release|iPhone.ActiveCfg = Release|iPhone
		{81C5D34F-23A8-4AA8-BB95-03E4C4FC4E44}.Release|iPhone.Build.0 = Release|iPhone
		{81C5D34F-23A8-4AA8-BB95-03E4C4FC4E44}.Release|iPhone.Deploy.0 = Release|iPhone
		{81C5D34F-23A8-4AA8-BB95-03E4C4FC4E44}.Release|iPhoneSimulator.ActiveCfg = Release|iPhoneSimulator
		{81C5D34F-23A8-4AA8-BB95-03E4C4FC4E44}.Release|iPhoneSimulator.Build.0 = Release|iPhoneSimulator
		{81C5D34F-23A8-4AA8-BB95-03E4C4FC4E44}.Release|iPhoneSimulator.Deploy.0 = Release|iPhoneSimulator
		{81C5D34F-23A8-4AA8-BB95-03E4C4FC4E44}.Release|x64.ActiveCfg = Release|iPhone
		{81C5D34F-23A8-4AA8-BB95-03E4C4FC4E44}.Release|x64.Build.0 = Release|iPhone
		{81C5D34F-23A8-4AA8-BB95-03E4C4FC4E44}.Release|x64.Deploy.0 = Release|iPhone
		{81C5D34F-23A8-4AA8-BB95-03E4C4FC4E44}.Release|x86.ActiveCfg = Release|iPhone
		{81C5D34F-23A8-4AA8-BB95-03E4C4FC4E44}.Release|x86.Build.0 = Release|iPhone
		{81C5D34F-23A8-4AA8-BB95-03E4C4FC4E44}.Release|x86.Deploy.0 = Release|iPhone
		{6A55B4C9-8AC7-4F97-B147-B7684B23969A}.Ad-Hoc|Any CPU.ActiveCfg = Release|x86
		{6A55B4C9-8AC7-4F97-B147-B7684B23969A}.Ad-Hoc|Any CPU.Build.0 = Release|x86
		{6A55B4C9-8AC7-4F97-B147-B7684B23969A}.Ad-Hoc|Any CPU.Deploy.0 = Release|x86
		{6A55B4C9-8AC7-4F97-B147-B7684B23969A}.Ad-Hoc|ARM.ActiveCfg = Release|ARM
		{6A55B4C9-8AC7-4F97-B147-B7684B23969A}.Ad-Hoc|ARM.Build.0 = Release|ARM
		{6A55B4C9-8AC7-4F97-B147-B7684B23969A}.Ad-Hoc|ARM.Deploy.0 = Release|ARM
		{6A55B4C9-8AC7-4F97-B147-B7684B23969A}.Ad-Hoc|iPhone.ActiveCfg = Release|x86
		{6A55B4C9-8AC7-4F97-B147-B7684B23969A}.Ad-Hoc|iPhone.Build.0 = Release|x86
		{6A55B4C9-8AC7-4F97-B147-B7684B23969A}.Ad-Hoc|iPhone.Deploy.0 = Release|x86
		{6A55B4C9-8AC7-4F97-B147-B7684B23969A}.Ad-Hoc|iPhoneSimulator.ActiveCfg = Release|x86
		{6A55B4C9-8AC7-4F97-B147-B7684B23969A}.Ad-Hoc|iPhoneSimulator.Build.0 = Release|x86
		{6A55B4C9-8AC7-4F97-B147-B7684B23969A}.Ad-Hoc|iPhoneSimulator.Deploy.0 = Release|x86
		{6A55B4C9-8AC7-4F97-B147-B7684B23969A}.Ad-Hoc|x64.ActiveCfg = Release|x64
		{6A55B4C9-8AC7-4F97-B147-B7684B23969A}.Ad-Hoc|x64.Build.0 = Release|x64
		{6A55B4C9-8AC7-4F97-B147-B7684B23969A}.Ad-Hoc|x64.Deploy.0 = Release|x64
		{6A55B4C9-8AC7-4F97-B147-B7684B23969A}.Ad-Hoc|x86.ActiveCfg = Release|x86
		{6A55B4C9-8AC7-4F97-B147-B7684B23969A}.Ad-Hoc|x86.Build.0 = Release|x86
		{6A55B4C9-8AC7-4F97-B147-B7684B23969A}.Ad-Hoc|x86.Deploy.0 = Release|x86
		{6A55B4C9-8AC7-4F97-B147-B7684B23969A}.AppStore|Any CPU.ActiveCfg = Release|x86
		{6A55B4C9-8AC7-4F97-B147-B7684B23969A}.AppStore|Any CPU.Build.0 = Release|x86
		{6A55B4C9-8AC7-4F97-B147-B7684B23969A}.AppStore|Any CPU.Deploy.0 = Release|x86
		{6A55B4C9-8AC7-4F97-B147-B7684B23969A}.AppStore|ARM.ActiveCfg = Release|ARM
		{6A55B4C9-8AC7-4F97-B147-B7684B23969A}.AppStore|ARM.Build.0 = Release|ARM
		{6A55B4C9-8AC7-4F97-B147-B7684B23969A}.AppStore|ARM.Deploy.0 = Release|ARM
		{6A55B4C9-8AC7-4F97-B147-B7684B23969A}.AppStore|iPhone.ActiveCfg = Release|x86
		{6A55B4C9-8AC7-4F97-B147-B7684B23969A}.AppStore|iPhone.Build.0 = Release|x86
		{6A55B4C9-8AC7-4F97-B147-B7684B23969A}.AppStore|iPhone.Deploy.0 = Release|x86
		{6A55B4C9-8AC7-4F97-B147-B7684B23969A}.AppStore|iPhoneSimulator.ActiveCfg = Release|x86
		{6A55B4C9-8AC7-4F97-B147-B7684B23969A}.AppStore|iPhoneSimulator.Build.0 = Release|x86
		{6A55B4C9-8AC7-4F97-B147-B7684B23969A}.AppStore|iPhoneSimulator.Deploy.0 = Release|x86
		{6A55B4C9-8AC7-4F97-B147-B7684B23969A}.AppStore|x64.ActiveCfg = Release|x64
		{6A55B4C9-8AC7-4F97-B147-B7684B23969A}.AppStore|x64.Build.0 = Release|x64
		{6A55B4C9-8AC7-4F97-B147-B7684B23969A}.AppStore|x64.Deploy.0 = Release|x64
		{6A55B4C9-8AC7-4F97-B147-B7684B23969A}.AppStore|x86.ActiveCfg = Release|x86
		{6A55B4C9-8AC7-4F97-B147-B7684B23969A}.AppStore|x86.Build.0 = Release|x86
		{6A55B4C9-8AC7-4F97-B147-B7684B23969A}.AppStore|x86.Deploy.0 = Release|x86
		{6A55B4C9-8AC7-4F97-B147-B7684B23969A}.Debug|Any CPU.ActiveCfg = Debug|x86
		{6A55B4C9-8AC7-4F97-B147-B7684B23969A}.Debug|Any CPU.Build.0 = Debug|x86
		{6A55B4C9-8AC7-4F97-B147-B7684B23969A}.Debug|Any CPU.Deploy.0 = Debug|x86
		{6A55B4C9-8AC7-4F97-B147-B7684B23969A}.Debug|ARM.ActiveCfg = Debug|ARM
		{6A55B4C9-8AC7-4F97-B147-B7684B23969A}.Debug|ARM.Build.0 = Debug|ARM
		{6A55B4C9-8AC7-4F97-B147-B7684B23969A}.Debug|ARM.Deploy.0 = Debug|ARM
		{6A55B4C9-8AC7-4F97-B147-B7684B23969A}.Debug|iPhone.ActiveCfg = Debug|x86
		{6A55B4C9-8AC7-4F97-B147-B7684B23969A}.Debug|iPhone.Build.0 = Debug|x86
		{6A55B4C9-8AC7-4F97-B147-B7684B23969A}.Debug|iPhone.Deploy.0 = Debug|x86
		{6A55B4C9-8AC7-4F97-B147-B7684B23969A}.Debug|iPhoneSimulator.ActiveCfg = Debug|x86
		{6A55B4C9-8AC7-4F97-B147-B7684B23969A}.Debug|iPhoneSimulator.Build.0 = Debug|x86
		{6A55B4C9-8AC7-4F97-B147-B7684B23969A}.Debug|iPhoneSimulator.Deploy.0 = Debug|x86
		{6A55B4C9-8AC7-4F97-B147-B7684B23969A}.Debug|x64.ActiveCfg = Debug|x64
		{6A55B4C9-8AC7-4F97-B147-B7684B23969A}.Debug|x64.Build.0 = Debug|x64
		{6A55B4C9-8AC7-4F97-B147-B7684B23969A}.Debug|x64.Deploy.0 = Debug|x64
		{6A55B4C9-8AC7-4F97-B147-B7684B23969A}.Debug|x86.ActiveCfg = Debug|x86
		{6A55B4C9-8AC7-4F97-B147-B7684B23969A}.Debug|x86.Build.0 = Debug|x86
		{6A55B4C9-8AC7-4F97-B147-B7684B23969A}.Debug|x86.Deploy.0 = Debug|x86
		{6A55B4C9-8AC7-4F97-B147-B7684B23969A}.Release|Any CPU.ActiveCfg = Release|x86
		{6A55B4C9-8AC7-4F97-B147-B7684B23969A}.Release|Any CPU.Build.0 = Release|x86
		{6A55B4C9-8AC7-4F97-B147-B7684B23969A}.Release|Any CPU.Deploy.0 = Release|x86
		{6A55B4C9-8AC7-4F97-B147-B7684B23969A}.Release|ARM.ActiveCfg = Release|ARM
		{6A55B4C9-8AC7-4F97-B147-B7684B23969A}.Release|ARM.Build.0 = Release|ARM
		{6A55B4C9-8AC7-4F97-B147-B7684B23969A}.Release|ARM.Deploy.0 = Release|ARM
		{6A55B4C9-8AC7-4F97-B147-B7684B23969A}.Release|iPhone.ActiveCfg = Release|x86
		{6A55B4C9-8AC7-4F97-B147-B7684B23969A}.Release|iPhone.Build.0 = Release|x86
		{6A55B4C9-8AC7-4F97-B147-B7684B23969A}.Release|iPhone.Deploy.0 = Release|x86
		{6A55B4C9-8AC7-4F97-B147-B7684B23969A}.Release|iPhoneSimulator.ActiveCfg = Release|x86
		{6A55B4C9-8AC7-4F97-B147-B7684B23969A}.Release|iPhoneSimulator.Build.0 = Release|x86
		{6A55B4C9-8AC7-4F97-B147-B7684B23969A}.Release|iPhoneSimulator.Deploy.0 = Release|x86
		{6A55B4C9-8AC7-4F97-B147-B7684B23969A}.Release|x64.ActiveCfg = Release|x64
		{6A55B4C9-8AC7-4F97-B147-B7684B23969A}.Release|x64.Build.0 = Release|x64
		{6A55B4C9-8AC7-4F97-B147-B7684B23969A}.Release|x64.Deploy.0 = Release|x64
		{6A55B4C9-8AC7-4F97-B147-B7684B23969A}.Release|x86.ActiveCfg = Release|x86
		{6A55B4C9-8AC7-4F97-B147-B7684B23969A}.Release|x86.Build.0 = Release|x86
		{6A55B4C9-8AC7-4F97-B147-B7684B23969A}.Release|x86.Deploy.0 = Release|x86
		{0F025E1D-CB77-4BDE-A7C6-D210D9AC9230}.Ad-Hoc|Any CPU.ActiveCfg = Debug|Any CPU
		{0F025E1D-CB77-4BDE-A7C6-D210D9AC9230}.Ad-Hoc|Any CPU.Build.0 = Debug|Any CPU
		{0F025E1D-CB77-4BDE-A7C6-D210D9AC9230}.Ad-Hoc|Any CPU.Deploy.0 = Debug|Any CPU
		{0F025E1D-CB77-4BDE-A7C6-D210D9AC9230}.Ad-Hoc|ARM.ActiveCfg = Debug|Any CPU
		{0F025E1D-CB77-4BDE-A7C6-D210D9AC9230}.Ad-Hoc|ARM.Build.0 = Debug|Any CPU
		{0F025E1D-CB77-4BDE-A7C6-D210D9AC9230}.Ad-Hoc|ARM.Deploy.0 = Debug|Any CPU
		{0F025E1D-CB77-4BDE-A7C6-D210D9AC9230}.Ad-Hoc|iPhone.ActiveCfg = Debug|Any CPU
		{0F025E1D-CB77-4BDE-A7C6-D210D9AC9230}.Ad-Hoc|iPhone.Build.0 = Debug|Any CPU
		{0F025E1D-CB77-4BDE-A7C6-D210D9AC9230}.Ad-Hoc|iPhone.Deploy.0 = Debug|Any CPU
		{0F025E1D-CB77-4BDE-A7C6-D210D9AC9230}.Ad-Hoc|iPhoneSimulator.ActiveCfg = Debug|Any CPU
		{0F025E1D-CB77-4BDE-A7C6-D210D9AC9230}.Ad-Hoc|iPhoneSimulator.Build.0 = Debug|Any CPU
		{0F025E1D-CB77-4BDE-A7C6-D210D9AC9230}.Ad-Hoc|iPhoneSimulator.Deploy.0 = Debug|Any CPU
		{0F025E1D-CB77-4BDE-A7C6-D210D9AC9230}.Ad-Hoc|x64.ActiveCfg = Debug|Any CPU
		{0F025E1D-CB77-4BDE-A7C6-D210D9AC9230}.Ad-Hoc|x64.Build.0 = Debug|Any CPU
		{0F025E1D-CB77-4BDE-A7C6-D210D9AC9230}.Ad-Hoc|x64.Deploy.0 = Debug|Any CPU
		{0F025E1D-CB77-4BDE-A7C6-D210D9AC9230}.Ad-Hoc|x86.ActiveCfg = Debug|Any CPU
		{0F025E1D-CB77-4BDE-A7C6-D210D9AC9230}.Ad-Hoc|x86.Build.0 = Debug|Any CPU
		{0F025E1D-CB77-4BDE-A7C6-D210D9AC9230}.Ad-Hoc|x86.Deploy.0 = Debug|Any CPU
		{0F025E1D-CB77-4BDE-A7C6-D210D9AC9230}.AppStore|Any CPU.ActiveCfg = Debug|Any CPU
		{0F025E1D-CB77-4BDE-A7C6-D210D9AC9230}.AppStore|Any CPU.Build.0 = Debug|Any CPU
		{0F025E1D-CB77-4BDE-A7C6-D210D9AC9230}.AppStore|Any CPU.Deploy.0 = Debug|Any CPU
		{0F025E1D-CB77-4BDE-A7C6-D210D9AC9230}.AppStore|ARM.ActiveCfg = Debug|Any CPU
		{0F025E1D-CB77-4BDE-A7C6-D210D9AC9230}.AppStore|ARM.Build.0 = Debug|Any CPU
		{0F025E1D-CB77-4BDE-A7C6-D210D9AC9230}.AppStore|ARM.Deploy.0 = Debug|Any CPU
		{0F025E1D-CB77-4BDE-A7C6-D210D9AC9230}.AppStore|iPhone.ActiveCfg = Debug|Any CPU
		{0F025E1D-CB77-4BDE-A7C6-D210D9AC9230}.AppStore|iPhone.Build.0 = Debug|Any CPU
		{0F025E1D-CB77-4BDE-A7C6-D210D9AC9230}.AppStore|iPhone.Deploy.0 = Debug|Any CPU
		{0F025E1D-CB77-4BDE-A7C6-D210D9AC9230}.AppStore|iPhoneSimulator.ActiveCfg = Debug|Any CPU
		{0F025E1D-CB77-4BDE-A7C6-D210D9AC9230}.AppStore|iPhoneSimulator.Build.0 = Debug|Any CPU
		{0F025E1D-CB77-4BDE-A7C6-D210D9AC9230}.AppStore|iPhoneSimulator.Deploy.0 = Debug|Any CPU
		{0F025E1D-CB77-4BDE-A7C6-D210D9AC9230}.AppStore|x64.ActiveCfg = Debug|Any CPU
		{0F025E1D-CB77-4BDE-A7C6-D210D9AC9230}.AppStore|x64.Build.0 = Debug|Any CPU
		{0F025E1D-CB77-4BDE-A7C6-D210D9AC9230}.AppStore|x64.Deploy.0 = Debug|Any CPU
		{0F025E1D-CB77-4BDE-A7C6-D210D9AC9230}.AppStore|x86.ActiveCfg = Debug|Any CPU
		{0F025E1D-CB77-4BDE-A7C6-D210D9AC9230}.AppStore|x86.Build.0 = Debug|Any CPU
		{0F025E1D-CB77-4BDE-A7C6-D210D9AC9230}.AppStore|x86.Deploy.0 = Debug|Any CPU
		{0F025E1D-CB77-4BDE-A7C6-D210D9AC9230}.Debug|Any CPU.ActiveCfg = Debug|Any CPU
		{0F025E1D-CB77-4BDE-A7C6-D210D9AC9230}.Debug|Any CPU.Build.0 = Debug|Any CPU
		{0F025E1D-CB77-4BDE-A7C6-D210D9AC9230}.Debug|Any CPU.Deploy.0 = Debug|Any CPU
		{0F025E1D-CB77-4BDE-A7C6-D210D9AC9230}.Debug|ARM.ActiveCfg = Debug|Any CPU
		{0F025E1D-CB77-4BDE-A7C6-D210D9AC9230}.Debug|ARM.Build.0 = Debug|Any CPU
		{0F025E1D-CB77-4BDE-A7C6-D210D9AC9230}.Debug|ARM.Deploy.0 = Debug|Any CPU
		{0F025E1D-CB77-4BDE-A7C6-D210D9AC9230}.Debug|iPhone.ActiveCfg = Debug|Any CPU
		{0F025E1D-CB77-4BDE-A7C6-D210D9AC9230}.Debug|iPhone.Build.0 = Debug|Any CPU
		{0F025E1D-CB77-4BDE-A7C6-D210D9AC9230}.Debug|iPhone.Deploy.0 = Debug|Any CPU
		{0F025E1D-CB77-4BDE-A7C6-D210D9AC9230}.Debug|iPhoneSimulator.ActiveCfg = Debug|Any CPU
		{0F025E1D-CB77-4BDE-A7C6-D210D9AC9230}.Debug|iPhoneSimulator.Build.0 = Debug|Any CPU
		{0F025E1D-CB77-4BDE-A7C6-D210D9AC9230}.Debug|iPhoneSimulator.Deploy.0 = Debug|Any CPU
		{0F025E1D-CB77-4BDE-A7C6-D210D9AC9230}.Debug|x64.ActiveCfg = Debug|Any CPU
		{0F025E1D-CB77-4BDE-A7C6-D210D9AC9230}.Debug|x64.Build.0 = Debug|Any CPU
		{0F025E1D-CB77-4BDE-A7C6-D210D9AC9230}.Debug|x64.Deploy.0 = Debug|Any CPU
		{0F025E1D-CB77-4BDE-A7C6-D210D9AC9230}.Debug|x86.ActiveCfg = Debug|Any CPU
		{0F025E1D-CB77-4BDE-A7C6-D210D9AC9230}.Debug|x86.Build.0 = Debug|Any CPU
		{0F025E1D-CB77-4BDE-A7C6-D210D9AC9230}.Debug|x86.Deploy.0 = Debug|Any CPU
		{0F025E1D-CB77-4BDE-A7C6-D210D9AC9230}.Release|Any CPU.ActiveCfg = Release|Any CPU
		{0F025E1D-CB77-4BDE-A7C6-D210D9AC9230}.Release|Any CPU.Build.0 = Release|Any CPU
		{0F025E1D-CB77-4BDE-A7C6-D210D9AC9230}.Release|Any CPU.Deploy.0 = Release|Any CPU
		{0F025E1D-CB77-4BDE-A7C6-D210D9AC9230}.Release|ARM.ActiveCfg = Release|Any CPU
		{0F025E1D-CB77-4BDE-A7C6-D210D9AC9230}.Release|ARM.Build.0 = Release|Any CPU
		{0F025E1D-CB77-4BDE-A7C6-D210D9AC9230}.Release|ARM.Deploy.0 = Release|Any CPU
		{0F025E1D-CB77-4BDE-A7C6-D210D9AC9230}.Release|iPhone.ActiveCfg = Release|Any CPU
		{0F025E1D-CB77-4BDE-A7C6-D210D9AC9230}.Release|iPhone.Build.0 = Release|Any CPU
		{0F025E1D-CB77-4BDE-A7C6-D210D9AC9230}.Release|iPhone.Deploy.0 = Release|Any CPU
		{0F025E1D-CB77-4BDE-A7C6-D210D9AC9230}.Release|iPhoneSimulator.ActiveCfg = Release|Any CPU
		{0F025E1D-CB77-4BDE-A7C6-D210D9AC9230}.Release|iPhoneSimulator.Build.0 = Release|Any CPU
		{0F025E1D-CB77-4BDE-A7C6-D210D9AC9230}.Release|iPhoneSimulator.Deploy.0 = Release|Any CPU
		{0F025E1D-CB77-4BDE-A7C6-D210D9AC9230}.Release|x64.ActiveCfg = Release|Any CPU
		{0F025E1D-CB77-4BDE-A7C6-D210D9AC9230}.Release|x64.Build.0 = Release|Any CPU
		{0F025E1D-CB77-4BDE-A7C6-D210D9AC9230}.Release|x64.Deploy.0 = Release|Any CPU
		{0F025E1D-CB77-4BDE-A7C6-D210D9AC9230}.Release|x86.ActiveCfg = Release|Any CPU
		{0F025E1D-CB77-4BDE-A7C6-D210D9AC9230}.Release|x86.Build.0 = Release|Any CPU
		{0F025E1D-CB77-4BDE-A7C6-D210D9AC9230}.Release|x86.Deploy.0 = Release|Any CPU
	EndGlobalSection
	GlobalSection(SolutionProperties) = preSolution
		HideSolutionNode = FALSE
	EndGlobalSection
	GlobalSection(ExtensibilityGlobals) = postSolution
		SolutionGuid = {0F95AEDE-7740-4374-989B-7D4286796C8E}
	EndGlobalSection
EndGlobal
