
Microsoft Visual Studio Solution File, Format Version 12.00
# Visual Studio Version 16
VisualStudioVersion = 16.0.29926.136
MinimumVisualStudioVersion = 10.0.40219.1
Project("{FAE04EC0-301F-11D3-BF4B-00C04F79EFBC}") = "GraphTutorial.UWP", "GraphTutorial\GraphTutorial.UWP\GraphTutorial.UWP.csproj", "{7D2F798D-A6C9-45BE-AFD8-9E8C7BBC3B3E}"
EndProject
Project("{FAE04EC0-301F-11D3-BF4B-00C04F79EFBC}") = "GraphTutorial.Android", "GraphTutorial\GraphTutorial.Android\GraphTutorial.Android.csproj", "{63413025-8810-4CB7-BEBF-631662D66331}"
EndProject
Project("{FAE04EC0-301F-11D3-BF4B-00C04F79EFBC}") = "GraphTutorial.iOS", "GraphTutorial\GraphTutorial.iOS\GraphTutorial.iOS.csproj", "{8277C2B1-689A-4730-BD6F-BDF246AAA380}"
EndProject
Project("{9A19103F-16F7-4668-BE54-9A1E7A4F7556}") = "GraphTutorial", "GraphTutorial\GraphTutorial\GraphTutorial.csproj", "{3B52E9E1-86AB-4AFF-838B-7A5EA59041DC}"
EndProject
Global
	GlobalSection(SolutionConfigurationPlatforms) = preSolution
		Debug|Any CPU = Debug|Any CPU
		Debug|ARM = Debug|ARM
		Debug|iPhone = Debug|iPhone
		Debug|iPhoneSimulator = Debug|iPhoneSimulator
		Debug|x64 = Debug|x64
		Debug|x86 = Debug|x86
		Release|Any CPU = Release|Any CPU
		Release|ARM = Release|ARM
		Release|iPhone = Release|iPhone
		Release|iPhoneSimulator = Release|iPhoneSimulator
		Release|x64 = Release|x64
		Release|x86 = Release|x86
	EndGlobalSection
	GlobalSection(ProjectConfigurationPlatforms) = postSolution
		{7D2F798D-A6C9-45BE-AFD8-9E8C7BBC3B3E}.Debug|Any CPU.ActiveCfg = Debug|x86
		{7D2F798D-A6C9-45BE-AFD8-9E8C7BBC3B3E}.Debug|Any CPU.Build.0 = Debug|x86
		{7D2F798D-A6C9-45BE-AFD8-9E8C7BBC3B3E}.Debug|Any CPU.Deploy.0 = Debug|x86
		{7D2F798D-A6C9-45BE-AFD8-9E8C7BBC3B3E}.Debug|ARM.ActiveCfg = Debug|ARM
		{7D2F798D-A6C9-45BE-AFD8-9E8C7BBC3B3E}.Debug|ARM.Build.0 = Debug|ARM
		{7D2F798D-A6C9-45BE-AFD8-9E8C7BBC3B3E}.Debug|ARM.Deploy.0 = Debug|ARM
		{7D2F798D-A6C9-45BE-AFD8-9E8C7BBC3B3E}.Debug|iPhone.ActiveCfg = Debug|x86
		{7D2F798D-A6C9-45BE-AFD8-9E8C7BBC3B3E}.Debug|iPhone.Build.0 = Debug|x86
		{7D2F798D-A6C9-45BE-AFD8-9E8C7BBC3B3E}.Debug|iPhone.Deploy.0 = Debug|x86
		{7D2F798D-A6C9-45BE-AFD8-9E8C7BBC3B3E}.Debug|iPhoneSimulator.ActiveCfg = Debug|x86
		{7D2F798D-A6C9-45BE-AFD8-9E8C7BBC3B3E}.Debug|iPhoneSimulator.Build.0 = Debug|x86
		{7D2F798D-A6C9-45BE-AFD8-9E8C7BBC3B3E}.Debug|iPhoneSimulator.Deploy.0 = Debug|x86
		{7D2F798D-A6C9-45BE-AFD8-9E8C7BBC3B3E}.Debug|x64.ActiveCfg = Debug|x64
		{7D2F798D-A6C9-45BE-AFD8-9E8C7BBC3B3E}.Debug|x64.Build.0 = Debug|x64
		{7D2F798D-A6C9-45BE-AFD8-9E8C7BBC3B3E}.Debug|x64.Deploy.0 = Debug|x64
		{7D2F798D-A6C9-45BE-AFD8-9E8C7BBC3B3E}.Debug|x86.ActiveCfg = Debug|x86
		{7D2F798D-A6C9-45BE-AFD8-9E8C7BBC3B3E}.Debug|x86.Build.0 = Debug|x86
		{7D2F798D-A6C9-45BE-AFD8-9E8C7BBC3B3E}.Debug|x86.Deploy.0 = Debug|x86
		{7D2F798D-A6C9-45BE-AFD8-9E8C7BBC3B3E}.Release|Any CPU.ActiveCfg = Release|x86
		{7D2F798D-A6C9-45BE-AFD8-9E8C7BBC3B3E}.Release|Any CPU.Build.0 = Release|x86
		{7D2F798D-A6C9-45BE-AFD8-9E8C7BBC3B3E}.Release|Any CPU.Deploy.0 = Release|x86
		{7D2F798D-A6C9-45BE-AFD8-9E8C7BBC3B3E}.Release|ARM.ActiveCfg = Release|ARM
		{7D2F798D-A6C9-45BE-AFD8-9E8C7BBC3B3E}.Release|ARM.Build.0 = Release|ARM
		{7D2F798D-A6C9-45BE-AFD8-9E8C7BBC3B3E}.Release|ARM.Deploy.0 = Release|ARM
		{7D2F798D-A6C9-45BE-AFD8-9E8C7BBC3B3E}.Release|iPhone.ActiveCfg = Release|x86
		{7D2F798D-A6C9-45BE-AFD8-9E8C7BBC3B3E}.Release|iPhone.Build.0 = Release|x86
		{7D2F798D-A6C9-45BE-AFD8-9E8C7BBC3B3E}.Release|iPhone.Deploy.0 = Release|x86
		{7D2F798D-A6C9-45BE-AFD8-9E8C7BBC3B3E}.Release|iPhoneSimulator.ActiveCfg = Release|x86
		{7D2F798D-A6C9-45BE-AFD8-9E8C7BBC3B3E}.Release|iPhoneSimulator.Build.0 = Release|x86
		{7D2F798D-A6C9-45BE-AFD8-9E8C7BBC3B3E}.Release|iPhoneSimulator.Deploy.0 = Release|x86
		{7D2F798D-A6C9-45BE-AFD8-9E8C7BBC3B3E}.Release|x64.ActiveCfg = Release|x64
		{7D2F798D-A6C9-45BE-AFD8-9E8C7BBC3B3E}.Release|x64.Build.0 = Release|x64
		{7D2F798D-A6C9-45BE-AFD8-9E8C7BBC3B3E}.Release|x64.Deploy.0 = Release|x64
		{7D2F798D-A6C9-45BE-AFD8-9E8C7BBC3B3E}.Release|x86.ActiveCfg = Release|x86
		{7D2F798D-A6C9-45BE-AFD8-9E8C7BBC3B3E}.Release|x86.Build.0 = Release|x86
		{7D2F798D-A6C9-45BE-AFD8-9E8C7BBC3B3E}.Release|x86.Deploy.0 = Release|x86
		{63413025-8810-4CB7-BEBF-631662D66331}.Debug|Any CPU.ActiveCfg = Debug|Any CPU
		{63413025-8810-4CB7-BEBF-631662D66331}.Debug|Any CPU.Build.0 = Debug|Any CPU
		{63413025-8810-4CB7-BEBF-631662D66331}.Debug|Any CPU.Deploy.0 = Debug|Any CPU
		{63413025-8810-4CB7-BEBF-631662D66331}.Debug|ARM.ActiveCfg = Debug|Any CPU
		{63413025-8810-4CB7-BEBF-631662D66331}.Debug|ARM.Build.0 = Debug|Any CPU
		{63413025-8810-4CB7-BEBF-631662D66331}.Debug|ARM.Deploy.0 = Debug|Any CPU
		{63413025-8810-4CB7-BEBF-631662D66331}.Debug|iPhone.ActiveCfg = Debug|Any CPU
		{63413025-8810-4CB7-BEBF-631662D66331}.Debug|iPhone.Build.0 = Debug|Any CPU
		{63413025-8810-4CB7-BEBF-631662D66331}.Debug|iPhone.Deploy.0 = Debug|Any CPU
		{63413025-8810-4CB7-BEBF-631662D66331}.Debug|iPhoneSimulator.ActiveCfg = Debug|Any CPU
		{63413025-8810-4CB7-BEBF-631662D66331}.Debug|iPhoneSimulator.Build.0 = Debug|Any CPU
		{63413025-8810-4CB7-BEBF-631662D66331}.Debug|iPhoneSimulator.Deploy.0 = Debug|Any CPU
		{63413025-8810-4CB7-BEBF-631662D66331}.Debug|x64.ActiveCfg = Debug|Any CPU
		{63413025-8810-4CB7-BEBF-631662D66331}.Debug|x86.ActiveCfg = Debug|Any CPU
		{63413025-8810-4CB7-BEBF-631662D66331}.Debug|x86.Build.0 = Debug|Any CPU
		{63413025-8810-4CB7-BEBF-631662D66331}.Debug|x86.Deploy.0 = Debug|Any CPU
		{63413025-8810-4CB7-BEBF-631662D66331}.Release|Any CPU.ActiveCfg = Release|Any CPU
		{63413025-8810-4CB7-BEBF-631662D66331}.Release|Any CPU.Build.0 = Release|Any CPU
		{63413025-8810-4CB7-BEBF-631662D66331}.Release|Any CPU.Deploy.0 = Release|Any CPU
		{63413025-8810-4CB7-BEBF-631662D66331}.Release|ARM.ActiveCfg = Release|Any CPU
		{63413025-8810-4CB7-BEBF-631662D66331}.Release|ARM.Build.0 = Release|Any CPU
		{63413025-8810-4CB7-BEBF-631662D66331}.Release|ARM.Deploy.0 = Release|Any CPU
		{63413025-8810-4CB7-BEBF-631662D66331}.Release|iPhone.ActiveCfg = Release|Any CPU
		{63413025-8810-4CB7-BEBF-631662D66331}.Release|iPhone.Build.0 = Release|Any CPU
		{63413025-8810-4CB7-BEBF-631662D66331}.Release|iPhone.Deploy.0 = Release|Any CPU
		{63413025-8810-4CB7-BEBF-631662D66331}.Release|iPhoneSimulator.ActiveCfg = Release|Any CPU
		{63413025-8810-4CB7-BEBF-631662D66331}.Release|iPhoneSimulator.Build.0 = Release|Any CPU
		{63413025-8810-4CB7-BEBF-631662D66331}.Release|iPhoneSimulator.Deploy.0 = Release|Any CPU
		{63413025-8810-4CB7-BEBF-631662D66331}.Release|x64.ActiveCfg = Release|Any CPU
		{63413025-8810-4CB7-BEBF-631662D66331}.Release|x64.Build.0 = Release|Any CPU
		{63413025-8810-4CB7-BEBF-631662D66331}.Release|x64.Deploy.0 = Release|Any CPU
		{63413025-8810-4CB7-BEBF-631662D66331}.Release|x86.ActiveCfg = Release|Any CPU
		{63413025-8810-4CB7-BEBF-631662D66331}.Release|x86.Build.0 = Release|Any CPU
		{63413025-8810-4CB7-BEBF-631662D66331}.Release|x86.Deploy.0 = Release|Any CPU
		{8277C2B1-689A-4730-BD6F-BDF246AAA380}.Debug|Any CPU.ActiveCfg = Debug|iPhone
		{8277C2B1-689A-4730-BD6F-BDF246AAA380}.Debug|Any CPU.Build.0 = Debug|iPhone
		{8277C2B1-689A-4730-BD6F-BDF246AAA380}.Debug|Any CPU.Deploy.0 = Debug|iPhone
		{8277C2B1-689A-4730-BD6F-BDF246AAA380}.Debug|ARM.ActiveCfg = Debug|iPhone
		{8277C2B1-689A-4730-BD6F-BDF246AAA380}.Debug|ARM.Build.0 = Debug|iPhone
		{8277C2B1-689A-4730-BD6F-BDF246AAA380}.Debug|ARM.Deploy.0 = Debug|iPhone
		{8277C2B1-689A-4730-BD6F-BDF246AAA380}.Debug|iPhone.ActiveCfg = Debug|iPhone
		{8277C2B1-689A-4730-BD6F-BDF246AAA380}.Debug|iPhone.Build.0 = Debug|iPhone
		{8277C2B1-689A-4730-BD6F-BDF246AAA380}.Debug|iPhone.Deploy.0 = Debug|iPhone
		{8277C2B1-689A-4730-BD6F-BDF246AAA380}.Debug|iPhoneSimulator.ActiveCfg = Debug|iPhoneSimulator
		{8277C2B1-689A-4730-BD6F-BDF246AAA380}.Debug|iPhoneSimulator.Build.0 = Debug|iPhoneSimulator
		{8277C2B1-689A-4730-BD6F-BDF246AAA380}.Debug|iPhoneSimulator.Deploy.0 = Debug|iPhoneSimulator
		{8277C2B1-689A-4730-BD6F-BDF246AAA380}.Debug|x64.ActiveCfg = Debug|iPhone
		{8277C2B1-689A-4730-BD6F-BDF246AAA380}.Debug|x86.ActiveCfg = Debug|iPhone
		{8277C2B1-689A-4730-BD6F-BDF246AAA380}.Debug|x86.Build.0 = Debug|iPhone
		{8277C2B1-689A-4730-BD6F-BDF246AAA380}.Debug|x86.Deploy.0 = Debug|iPhone
		{8277C2B1-689A-4730-BD6F-BDF246AAA380}.Release|Any CPU.ActiveCfg = Release|iPhone
		{8277C2B1-689A-4730-BD6F-BDF246AAA380}.Release|Any CPU.Build.0 = Release|iPhone
		{8277C2B1-689A-4730-BD6F-BDF246AAA380}.Release|Any CPU.Deploy.0 = Release|iPhone
		{8277C2B1-689A-4730-BD6F-BDF246AAA380}.Release|ARM.ActiveCfg = Release|iPhone
		{8277C2B1-689A-4730-BD6F-BDF246AAA380}.Release|ARM.Build.0 = Release|iPhone
		{8277C2B1-689A-4730-BD6F-BDF246AAA380}.Release|ARM.Deploy.0 = Release|iPhone
		{8277C2B1-689A-4730-BD6F-BDF246AAA380}.Release|iPhone.ActiveCfg = Release|iPhone
		{8277C2B1-689A-4730-BD6F-BDF246AAA380}.Release|iPhone.Build.0 = Release|iPhone
		{8277C2B1-689A-4730-BD6F-BDF246AAA380}.Release|iPhone.Deploy.0 = Release|iPhone
		{8277C2B1-689A-4730-BD6F-BDF246AAA380}.Release|iPhoneSimulator.ActiveCfg = Release|iPhoneSimulator
		{8277C2B1-689A-4730-BD6F-BDF246AAA380}.Release|iPhoneSimulator.Build.0 = Release|iPhoneSimulator
		{8277C2B1-689A-4730-BD6F-BDF246AAA380}.Release|iPhoneSimulator.Deploy.0 = Release|iPhoneSimulator
		{8277C2B1-689A-4730-BD6F-BDF246AAA380}.Release|x64.ActiveCfg = Release|iPhone
		{8277C2B1-689A-4730-BD6F-BDF246AAA380}.Release|x64.Build.0 = Release|iPhone
		{8277C2B1-689A-4730-BD6F-BDF246AAA380}.Release|x64.Deploy.0 = Release|iPhone
		{8277C2B1-689A-4730-BD6F-BDF246AAA380}.Release|x86.ActiveCfg = Release|iPhone
		{8277C2B1-689A-4730-BD6F-BDF246AAA380}.Release|x86.Build.0 = Release|iPhone
		{8277C2B1-689A-4730-BD6F-BDF246AAA380}.Release|x86.Deploy.0 = Release|iPhone
		{3B52E9E1-86AB-4AFF-838B-7A5EA59041DC}.Debug|Any CPU.ActiveCfg = Debug|Any CPU
		{3B52E9E1-86AB-4AFF-838B-7A5EA59041DC}.Debug|Any CPU.Build.0 = Debug|Any CPU
		{3B52E9E1-86AB-4AFF-838B-7A5EA59041DC}.Debug|Any CPU.Deploy.0 = Debug|Any CPU
		{3B52E9E1-86AB-4AFF-838B-7A5EA59041DC}.Debug|ARM.ActiveCfg = Debug|Any CPU
		{3B52E9E1-86AB-4AFF-838B-7A5EA59041DC}.Debug|ARM.Build.0 = Debug|Any CPU
		{3B52E9E1-86AB-4AFF-838B-7A5EA59041DC}.Debug|ARM.Deploy.0 = Debug|Any CPU
		{3B52E9E1-86AB-4AFF-838B-7A5EA59041DC}.Debug|iPhone.ActiveCfg = Debug|Any CPU
		{3B52E9E1-86AB-4AFF-838B-7A5EA59041DC}.Debug|iPhone.Build.0 = Debug|Any CPU
		{3B52E9E1-86AB-4AFF-838B-7A5EA59041DC}.Debug|iPhone.Deploy.0 = Debug|Any CPU
		{3B52E9E1-86AB-4AFF-838B-7A5EA59041DC}.Debug|iPhoneSimulator.ActiveCfg = Debug|Any CPU
		{3B52E9E1-86AB-4AFF-838B-7A5EA59041DC}.Debug|iPhoneSimulator.Build.0 = Debug|Any CPU
		{3B52E9E1-86AB-4AFF-838B-7A5EA59041DC}.Debug|iPhoneSimulator.Deploy.0 = Debug|Any CPU
		{3B52E9E1-86AB-4AFF-838B-7A5EA59041DC}.Debug|x64.ActiveCfg = Debug|Any CPU
		{3B52E9E1-86AB-4AFF-838B-7A5EA59041DC}.Debug|x64.Build.0 = Debug|Any CPU
		{3B52E9E1-86AB-4AFF-838B-7A5EA59041DC}.Debug|x64.Deploy.0 = Debug|Any CPU
		{3B52E9E1-86AB-4AFF-838B-7A5EA59041DC}.Debug|x86.ActiveCfg = Debug|Any CPU
		{3B52E9E1-86AB-4AFF-838B-7A5EA59041DC}.Debug|x86.Build.0 = Debug|Any CPU
		{3B52E9E1-86AB-4AFF-838B-7A5EA59041DC}.Debug|x86.Deploy.0 = Debug|Any CPU
		{3B52E9E1-86AB-4AFF-838B-7A5EA59041DC}.Release|Any CPU.ActiveCfg = Release|Any CPU
		{3B52E9E1-86AB-4AFF-838B-7A5EA59041DC}.Release|Any CPU.Build.0 = Release|Any CPU
		{3B52E9E1-86AB-4AFF-838B-7A5EA59041DC}.Release|Any CPU.Deploy.0 = Release|Any CPU
		{3B52E9E1-86AB-4AFF-838B-7A5EA59041DC}.Release|ARM.ActiveCfg = Release|Any CPU
		{3B52E9E1-86AB-4AFF-838B-7A5EA59041DC}.Release|ARM.Build.0 = Release|Any CPU
		{3B52E9E1-86AB-4AFF-838B-7A5EA59041DC}.Release|ARM.Deploy.0 = Release|Any CPU
		{3B52E9E1-86AB-4AFF-838B-7A5EA59041DC}.Release|iPhone.ActiveCfg = Release|Any CPU
		{3B52E9E1-86AB-4AFF-838B-7A5EA59041DC}.Release|iPhone.Build.0 = Release|Any CPU
		{3B52E9E1-86AB-4AFF-838B-7A5EA59041DC}.Release|iPhone.Deploy.0 = Release|Any CPU
		{3B52E9E1-86AB-4AFF-838B-7A5EA59041DC}.Release|iPhoneSimulator.ActiveCfg = Release|Any CPU
		{3B52E9E1-86AB-4AFF-838B-7A5EA59041DC}.Release|iPhoneSimulator.Build.0 = Release|Any CPU
		{3B52E9E1-86AB-4AFF-838B-7A5EA59041DC}.Release|iPhoneSimulator.Deploy.0 = Release|Any CPU
		{3B52E9E1-86AB-4AFF-838B-7A5EA59041DC}.Release|x64.ActiveCfg = Release|Any CPU
		{3B52E9E1-86AB-4AFF-838B-7A5EA59041DC}.Release|x64.Build.0 = Release|Any CPU
		{3B52E9E1-86AB-4AFF-838B-7A5EA59041DC}.Release|x64.Deploy.0 = Release|Any CPU
		{3B52E9E1-86AB-4AFF-838B-7A5EA59041DC}.Release|x86.ActiveCfg = Release|Any CPU
		{3B52E9E1-86AB-4AFF-838B-7A5EA59041DC}.Release|x86.Build.0 = Release|Any CPU
		{3B52E9E1-86AB-4AFF-838B-7A5EA59041DC}.Release|x86.Deploy.0 = Release|Any CPU
	EndGlobalSection
	GlobalSection(SolutionProperties) = preSolution
		HideSolutionNode = FALSE
	EndGlobalSection
	GlobalSection(ExtensibilityGlobals) = postSolution
		SolutionGuid = {BF460E28-E8B3-4636-BFE6-BB7591D13A82}
	EndGlobalSection
EndGlobal
